{
  "object": {
    "pins": [
      {
        "package": "Segment",
        "repositoryURL": "https://github.com/segmentio/analytics-ios.git",
        "state": {
          "branch": null,
          "revision": "187faa897c826fe0954124da116db3318242f7c3",
          "version": "4.1.4"
        }
      },
      {
        "package": "AppsFlyerLib",
        "repositoryURL": "https://github.com/AppsFlyerSDK/AppsFlyerFramework-Dynamic",
        "state": {
          "branch": "main",
          "revision": "df37032789fae3c03f03efd1e8362d49269f0ef0",
          "version": null
        }
      }
    ]
  },
  "version": 1
}
